// !$*UTF8*$!
{
	archiveVersion = 1;
	classes = {
	};
	objectVersion = 55;
	objects = {

/* Begin PBXBuildFile section */
		048EC2C12B23C36900709E05 /* BhagavadGitaApp.swift in Sources */ = {isa = PBXBuildFile; fileRef = 048EC2C02B23C36900709E05 /* BhagavadGitaApp.swift */; };
		048EC2C32B23C36900709E05 /* ContentView.swift in Sources */ = {isa = PBXBuildFile; fileRef = 048EC2C22B23C36900709E05 /* ContentView.swift */; };
		048EC2C52B23C36B00709E05 /* Assets.xcassets in Resources */ = {isa = PBXBuildFile; fileRef = 048EC2C42B23C36B00709E05 /* Assets.xcassets */; };
		048EC2C82B23C36B00709E05 /* Preview Assets.xcassets in Resources */ = {isa = PBXBuildFile; fileRef = 048EC2C72B23C36B00709E05 /* Preview Assets.xcassets */; };
		048EC2CA2B23C36B00709E05 /* Persistence.swift in Sources */ = {isa = PBXBuildFile; fileRef = 048EC2C92B23C36B00709E05 /* Persistence.swift */; };
		048EC2CD2B23C36B00709E05 /* BhagavadGita.xcdatamodeld in Sources */ = {isa = PBXBuildFile; fileRef = 048EC2CB2B23C36B00709E05 /* BhagavadGita.xcdatamodeld */; };
		048EC2D72B23C36B00709E05 /* BhagavadGitaTests.swift in Sources */ = {isa = PBXBuildFile; fileRef = 048EC2D62B23C36B00709E05 /* BhagavadGitaTests.swift */; };
		048EC2E12B23C36B00709E05 /* BhagavadGitaUITests.swift in Sources */ = {isa = PBXBuildFile; fileRef = 048EC2E02B23C36B00709E05 /* BhagavadGitaUITests.swift */; };
		048EC2E32B23C36B00709E05 /* BhagavadGitaUITestsLaunchTests.swift in Sources */ = {isa = PBXBuildFile; fileRef = 048EC2E22B23C36B00709E05 /* BhagavadGitaUITestsLaunchTests.swift */; };
		048EC2F12B27526F00709E05 /* BgUtility in Frameworks */ = {isa = PBXBuildFile; productRef = 048EC2F02B27526F00709E05 /* BgUtility */; };
/* End PBXBuildFile section */

/* Begin PBXContainerItemProxy section */
		048EC2D32B23C36B00709E05 /* PBXContainerItemProxy */ = {
			isa = PBXContainerItemProxy;
			containerPortal = 048EC2B52B23C36900709E05 /* Project object */;
			proxyType = 1;
			remoteGlobalIDString = 048EC2BC2B23C36900709E05;
			remoteInfo = BhagavadGita;
		};
		048EC2DD2B23C36B00709E05 /* PBXContainerItemProxy */ = {
			isa = PBXContainerItemProxy;
			containerPortal = 048EC2B52B23C36900709E05 /* Project object */;
			proxyType = 1;
			remoteGlobalIDString = 048EC2BC2B23C36900709E05;
			remoteInfo = BhagavadGita;
		};
/* End PBXContainerItemProxy section */

/* Begin PBXFileReference section */
		048EC2BD2B23C36900709E05 /* BhagavadGita.app */ = {isa = PBXFileReference; explicitFileType = wrapper.application; includeInIndex = 0; path = BhagavadGita.app; sourceTree = BUILT_PRODUCTS_DIR; };
		048EC2C02B23C36900709E05 /* BhagavadGitaApp.swift */ = {isa = PBXFileReference; lastKnownFileType = sourcecode.swift; path = BhagavadGitaApp.swift; sourceTree = "<group>"; };
		048EC2C22B23C36900709E05 /* ContentView.swift */ = {isa = PBXFileReference; lastKnownFileType = sourcecode.swift; path = ContentView.swift; sourceTree = "<group>"; };
		048EC2C42B23C36B00709E05 /* Assets.xcassets */ = {isa = PBXFileReference; lastKnownFileType = folder.assetcatalog; path = Assets.xcassets; sourceTree = "<group>"; };
		048EC2C72B23C36B00709E05 /* Preview Assets.xcassets */ = {isa = PBXFileReference; lastKnownFileType = folder.assetcatalog; path = "Preview Assets.xcassets"; sourceTree = "<group>"; };
		048EC2C92B23C36B00709E05 /* Persistence.swift */ = {isa = PBXFileReference; lastKnownFileType = sourcecode.swift; path = Persistence.swift; sourceTree = "<group>"; };
		048EC2CC2B23C36B00709E05 /* BhagavadGita.xcdatamodel */ = {isa = PBXFileReference; lastKnownFileType = wrapper.xcdatamodel; path = BhagavadGita.xcdatamodel; sourceTree = "<group>"; };
		048EC2D22B23C36B00709E05 /* BhagavadGitaTests.xctest */ = {isa = PBXFileReference; explicitFileType = wrapper.cfbundle; includeInIndex = 0; path = BhagavadGitaTests.xctest; sourceTree = BUILT_PRODUCTS_DIR; };
		048EC2D62B23C36B00709E05 /* BhagavadGitaTests.swift */ = {isa = PBXFileReference; lastKnownFileType = sourcecode.swift; path = BhagavadGitaTests.swift; sourceTree = "<group>"; };
		048EC2DC2B23C36B00709E05 /* BhagavadGitaUITests.xctest */ = {isa = PBXFileReference; explicitFileType = wrapper.cfbundle; includeInIndex = 0; path = BhagavadGitaUITests.xctest; sourceTree = BUILT_PRODUCTS_DIR; };
		048EC2E02B23C36B00709E05 /* BhagavadGitaUITests.swift */ = {isa = PBXFileReference; lastKnownFileType = sourcecode.swift; path = BhagavadGitaUITests.swift; sourceTree = "<group>"; };
		048EC2E22B23C36B00709E05 /* BhagavadGitaUITestsLaunchTests.swift */ = {isa = PBXFileReference; lastKnownFileType = sourcecode.swift; path = BhagavadGitaUITestsLaunchTests.swift; sourceTree = "<group>"; };
/* End PBXFileReference section */

/* Begin PBXFrameworksBuildPhase section */
		048EC2BA2B23C36900709E05 /* Frameworks */ = {
			isa = PBXFrameworksBuildPhase;
			buildActionMask = 2147483647;
			files = (
				048EC2F12B27526F00709E05 /* BgUtility in Frameworks */,
			);
			runOnlyForDeploymentPostprocessing = 0;
		};
		048EC2CF2B23C36B00709E05 /* Frameworks */ = {
			isa = PBXFrameworksBuildPhase;
			buildActionMask = 2147483647;
			files = (
			);
			runOnlyForDeploymentPostprocessing = 0;
		};
		048EC2D92B23C36B00709E05 /* Frameworks */ = {
			isa = PBXFrameworksBuildPhase;
			buildActionMask = 2147483647;
			files = (
			);
			runOnlyForDeploymentPostprocessing = 0;
		};
/* End PBXFrameworksBuildPhase section */

/* Begin PBXGroup section */
		048EC2B42B23C36900709E05 = {
			isa = PBXGroup;
			children = (
				048EC2BF2B23C36900709E05 /* BhagavadGita */,
				048EC2D52B23C36B00709E05 /* BhagavadGitaTests */,
				048EC2DF2B23C36B00709E05 /* BhagavadGitaUITests */,
				048EC2BE2B23C36900709E05 /* Products */,
			);
			sourceTree = "<group>";
		};
		048EC2BE2B23C36900709E05 /* Products */ = {
			isa = PBXGroup;
			children = (
				048EC2BD2B23C36900709E05 /* BhagavadGita.app */,
				048EC2D22B23C36B00709E05 /* BhagavadGitaTests.xctest */,
				048EC2DC2B23C36B00709E05 /* BhagavadGitaUITests.xctest */,
			);
			name = Products;
			sourceTree = "<group>";
		};
		048EC2BF2B23C36900709E05 /* BhagavadGita */ = {
			isa = PBXGroup;
			children = (
				048EC2C02B23C36900709E05 /* BhagavadGitaApp.swift */,
				048EC2C22B23C36900709E05 /* ContentView.swift */,
				048EC2C42B23C36B00709E05 /* Assets.xcassets */,
				048EC2C92B23C36B00709E05 /* Persistence.swift */,
				048EC2CB2B23C36B00709E05 /* BhagavadGita.xcdatamodeld */,
				048EC2C62B23C36B00709E05 /* Preview Content */,
			);
			path = BhagavadGita;
			sourceTree = "<group>";
		};
		048EC2C62B23C36B00709E05 /* Preview Content */ = {
			isa = PBXGroup;
			children = (
				048EC2C72B23C36B00709E05 /* Preview Assets.xcassets */,
			);
			path = "Preview Content";
			sourceTree = "<group>";
		};
		048EC2D52B23C36B00709E05 /* BhagavadGitaTests */ = {
			isa = PBXGroup;
			children = (
				048EC2D62B23C36B00709E05 /* BhagavadGitaTests.swift */,
			);
			path = BhagavadGitaTests;
			sourceTree = "<group>";
		};
		048EC2DF2B23C36B00709E05 /* BhagavadGitaUITests */ = {
			isa = PBXGroup;
			children = (
				048EC2E02B23C36B00709E05 /* BhagavadGitaUITests.swift */,
				048EC2E22B23C36B00709E05 /* BhagavadGitaUITestsLaunchTests.swift */,
			);
			path = BhagavadGitaUITests;
			sourceTree = "<group>";
		};
/* End PBXGroup section */

/* Begin PBXNativeTarget section */
		048EC2BC2B23C36900709E05 /* BhagavadGita */ = {
			isa = PBXNativeTarget;
			buildConfigurationList = 048EC2E62B23C36B00709E05 /* Build configuration list for PBXNativeTarget "BhagavadGita" */;
			buildPhases = (
				048EC2B92B23C36900709E05 /* Sources */,
				048EC2F22B27553900709E05 /* Swiftlint */,
				048EC2BA2B23C36900709E05 /* Frameworks */,
				048EC2BB2B23C36900709E05 /* Resources */,
			);
			buildRules = (
			);
			dependencies = (
			);
			name = BhagavadGita;
			packageProductDependencies = (
				048EC2F02B27526F00709E05 /* BgUtility */,
			);
			productName = BhagavadGita;
			productReference = 048EC2BD2B23C36900709E05 /* BhagavadGita.app */;
			productType = "com.apple.product-type.application";
		};
		048EC2D12B23C36B00709E05 /* BhagavadGitaTests */ = {
			isa = PBXNativeTarget;
			buildConfigurationList = 048EC2E92B23C36B00709E05 /* Build configuration list for PBXNativeTarget "BhagavadGitaTests" */;
			buildPhases = (
				048EC2CE2B23C36B00709E05 /* Sources */,
				048EC2CF2B23C36B00709E05 /* Frameworks */,
				048EC2D02B23C36B00709E05 /* Resources */,
			);
			buildRules = (
			);
			dependencies = (
				048EC2D42B23C36B00709E05 /* PBXTargetDependency */,
			);
			name = BhagavadGitaTests;
			productName = BhagavadGitaTests;
			productReference = 048EC2D22B23C36B00709E05 /* BhagavadGitaTests.xctest */;
			productType = "com.apple.product-type.bundle.unit-test";
		};
		048EC2DB2B23C36B00709E05 /* BhagavadGitaUITests */ = {
			isa = PBXNativeTarget;
			buildConfigurationList = 048EC2EC2B23C36B00709E05 /* Build configuration list for PBXNativeTarget "BhagavadGitaUITests" */;
			buildPhases = (
				048EC2D82B23C36B00709E05 /* Sources */,
				048EC2D92B23C36B00709E05 /* Frameworks */,
				048EC2DA2B23C36B00709E05 /* Resources */,
			);
			buildRules = (
			);
			dependencies = (
				048EC2DE2B23C36B00709E05 /* PBXTargetDependency */,
			);
			name = BhagavadGitaUITests;
			productName = BhagavadGitaUITests;
			productReference = 048EC2DC2B23C36B00709E05 /* BhagavadGitaUITests.xctest */;
			productType = "com.apple.product-type.bundle.ui-testing";
		};
/* End PBXNativeTarget section */

/* Begin PBXProject section */
		048EC2B52B23C36900709E05 /* Project object */ = {
			isa = PBXProject;
			attributes = {
				BuildIndependentTargetsInParallel = 1;
				LastSwiftUpdateCheck = 1340;
				LastUpgradeCheck = 1340;
				TargetAttributes = {
					048EC2BC2B23C36900709E05 = {
						CreatedOnToolsVersion = 13.4.1;
					};
					048EC2D12B23C36B00709E05 = {
						CreatedOnToolsVersion = 13.4.1;
						TestTargetID = 048EC2BC2B23C36900709E05;
					};
					048EC2DB2B23C36B00709E05 = {
						CreatedOnToolsVersion = 13.4.1;
						TestTargetID = 048EC2BC2B23C36900709E05;
					};
				};
			};
			buildConfigurationList = 048EC2B82B23C36900709E05 /* Build configuration list for PBXProject "BhagavadGita" */;
			compatibilityVersion = "Xcode 13.0";
			developmentRegion = en;
			hasScannedForEncodings = 0;
			knownRegions = (
				en,
				Base,
			);
			mainGroup = 048EC2B42B23C36900709E05;
			packageReferences = (
				048EC2EF2B27526F00709E05 /* XCRemoteSwiftPackageReference "BgUtility" */,
			);
			productRefGroup = 048EC2BE2B23C36900709E05 /* Products */;
			projectDirPath = "";
			projectRoot = "";
			targets = (
				048EC2BC2B23C36900709E05 /* BhagavadGita */,
				048EC2D12B23C36B00709E05 /* BhagavadGitaTests */,
				048EC2DB2B23C36B00709E05 /* BhagavadGitaUITests */,
			);
		};
/* End PBXProject section */

/* Begin PBXResourcesBuildPhase section */
		048EC2BB2B23C36900709E05 /* Resources */ = {
			isa = PBXResourcesBuildPhase;
			buildActionMask = 2147483647;
			files = (
				048EC2C82B23C36B00709E05 /* Preview Assets.xcassets in Resources */,
				048EC2C52B23C36B00709E05 /* Assets.xcassets in Resources */,
			);
			runOnlyForDeploymentPostprocessing = 0;
		};
		048EC2D02B23C36B00709E05 /* Resources */ = {
			isa = PBXResourcesBuildPhase;
			buildActionMask = 2147483647;
			files = (
			);
			runOnlyForDeploymentPostprocessing = 0;
		};
		048EC2DA2B23C36B00709E05 /* Resources */ = {
			isa = PBXResourcesBuildPhase;
			buildActionMask = 2147483647;
			files = (
			);
			runOnlyForDeploymentPostprocessing = 0;
		};
/* End PBXResourcesBuildPhase section */

/* Begin PBXShellScriptBuildPhase section */
		048EC2F22B27553900709E05 /* Swiftlint */ = {
			isa = PBXShellScriptBuildPhase;
			buildActionMask = 2147483647;
			files = (
			);
			inputFileListPaths = (
			);
			inputPaths = (
			);
			name = Swiftlint;
			outputFileListPaths = (
			);
			outputPaths = (
			);
			runOnlyForDeploymentPostprocessing = 0;
			shellPath = /bin/sh;
			shellScript = "if [[ \"$(uname -m)\" == arm64 ]]; then\n    export PATH=\"/opt/homebrew/bin:$PATH\"\nfi\n\nif which swiftlint > /dev/null; then\n  swiftlint\nelse\n  echo \"warning: SwiftLint not installed, download from https://github.com/realm/SwiftLint\"\nfi\n";
		};
/* End PBXShellScriptBuildPhase section */

/* Begin PBXSourcesBuildPhase section */
		048EC2B92B23C36900709E05 /* Sources */ = {
			isa = PBXSourcesBuildPhase;
			buildActionMask = 2147483647;
			files = (
				048EC2CD2B23C36B00709E05 /* BhagavadGita.xcdatamodeld in Sources */,
				048EC2CA2B23C36B00709E05 /* Persistence.swift in Sources */,
				048EC2C32B23C36900709E05 /* ContentView.swift in Sources */,
				048EC2C12B23C36900709E05 /* BhagavadGitaApp.swift in Sources */,
			);
			runOnlyForDeploymentPostprocessing = 0;
		};
		048EC2CE2B23C36B00709E05 /* Sources */ = {
			isa = PBXSourcesBuildPhase;
			buildActionMask = 2147483647;
			files = (
				048EC2D72B23C36B00709E05 /* BhagavadGitaTests.swift in Sources */,
			);
			runOnlyForDeploymentPostprocessing = 0;
		};
		048EC2D82B23C36B00709E05 /* Sources */ = {
			isa = PBXSourcesBuildPhase;
			buildActionMask = 2147483647;
			files = (
				048EC2E12B23C36B00709E05 /* BhagavadGitaUITests.swift in Sources */,
				048EC2E32B23C36B00709E05 /* BhagavadGitaUITestsLaunchTests.swift in Sources */,
			);
			runOnlyForDeploymentPostprocessing = 0;
		};
/* End PBXSourcesBuildPhase section */

/* Begin PBXTargetDependency section */
		048EC2D42B23C36B00709E05 /* PBXTargetDependency */ = {
			isa = PBXTargetDependency;
			target = 048EC2BC2B23C36900709E05 /* BhagavadGita */;
			targetProxy = 048EC2D32B23C36B00709E05 /* PBXContainerItemProxy */;
		};
		048EC2DE2B23C36B00709E05 /* PBXTargetDependency */ = {
			isa = PBXTargetDependency;
			target = 048EC2BC2B23C36900709E05 /* BhagavadGita */;
			targetProxy = 048EC2DD2B23C36B00709E05 /* PBXContainerItemProxy */;
		};
/* End PBXTargetDependency section */

/* Begin XCBuildConfiguration section */
		048EC2E42B23C36B00709E05 /* Debug */ = {
			isa = XCBuildConfiguration;
			buildSettings = {
				ALWAYS_SEARCH_USER_PATHS = NO;
				CLANG_ANALYZER_NONNULL = YES;
				CLANG_ANALYZER_NUMBER_OBJECT_CONVERSION = YES_AGGRESSIVE;
				CLANG_CXX_LANGUAGE_STANDARD = "gnu++17";
				CLANG_ENABLE_MODULES = YES;
				CLANG_ENABLE_OBJC_ARC = YES;
				CLANG_ENABLE_OBJC_WEAK = YES;
				CLANG_WARN_BLOCK_CAPTURE_AUTORELEASING = YES;
				CLANG_WARN_BOOL_CONVERSION = YES;
				CLANG_WARN_COMMA = YES;
				CLANG_WARN_CONSTANT_CONVERSION = YES;
				CLANG_WARN_DEPRECATED_OBJC_IMPLEMENTATIONS = YES;
				CLANG_WARN_DIRECT_OBJC_ISA_USAGE = YES_ERROR;
				CLANG_WARN_DOCUMENTATION_COMMENTS = YES;
				CLANG_WARN_EMPTY_BODY = YES;
				CLANG_WARN_ENUM_CONVERSION = YES;
				CLANG_WARN_INFINITE_RECURSION = YES;
				CLANG_WARN_INT_CONVERSION = YES;
				CLANG_WARN_NON_LITERAL_NULL_CONVERSION = YES;
				CLANG_WARN_OBJC_IMPLICIT_RETAIN_SELF = YES;
				CLANG_WARN_OBJC_LITERAL_CONVERSION = YES;
				CLANG_WARN_OBJC_ROOT_CLASS = YES_ERROR;
				CLANG_WARN_QUOTED_INCLUDE_IN_FRAMEWORK_HEADER = YES;
				CLANG_WARN_RANGE_LOOP_ANALYSIS = YES;
				CLANG_WARN_STRICT_PROTOTYPES = YES;
				CLANG_WARN_SUSPICIOUS_MOVE = YES;
				CLANG_WARN_UNGUARDED_AVAILABILITY = YES_AGGRESSIVE;
				CLANG_WARN_UNREACHABLE_CODE = YES;
				CLANG_WARN__DUPLICATE_METHOD_MATCH = YES;
				COPY_PHASE_STRIP = NO;
				DEBUG_INFORMATION_FORMAT = dwarf;
				ENABLE_STRICT_OBJC_MSGSEND = YES;
				ENABLE_TESTABILITY = YES;
				GCC_C_LANGUAGE_STANDARD = gnu11;
				GCC_DYNAMIC_NO_PIC = NO;
				GCC_NO_COMMON_BLOCKS = YES;
				GCC_OPTIMIZATION_LEVEL = 0;
				GCC_PREPROCESSOR_DEFINITIONS = (
					"DEBUG=1",
					"$(inherited)",
				);
				GCC_WARN_64_TO_32_BIT_CONVERSION = YES;
				GCC_WARN_ABOUT_RETURN_TYPE = YES_ERROR;
				GCC_WARN_UNDECLARED_SELECTOR = YES;
				GCC_WARN_UNINITIALIZED_AUTOS = YES_AGGRESSIVE;
				GCC_WARN_UNUSED_FUNCTION = YES;
				GCC_WARN_UNUSED_VARIABLE = YES;
				IPHONEOS_DEPLOYMENT_TARGET = 15.5;
				MTL_ENABLE_DEBUG_INFO = INCLUDE_SOURCE;
				MTL_FAST_MATH = YES;
				ONLY_ACTIVE_ARCH = YES;
				SDKROOT = iphoneos;
				SWIFT_ACTIVE_COMPILATION_CONDITIONS = DEBUG;
				SWIFT_OPTIMIZATION_LEVEL = "-Onone";
			};
			name = Debug;
		};
		048EC2E52B23C36B00709E05 /* Release */ = {
			isa = XCBuildConfiguration;
			buildSettings = {
				ALWAYS_SEARCH_USER_PATHS = NO;
				CLANG_ANALYZER_NONNULL = YES;
				CLANG_ANALYZER_NUMBER_OBJECT_CONVERSION = YES_AGGRESSIVE;
				CLANG_CXX_LANGUAGE_STANDARD = "gnu++17";
				CLANG_ENABLE_MODULES = YES;
				CLANG_ENABLE_OBJC_ARC = YES;
				CLANG_ENABLE_OBJC_WEAK = YES;
				CLANG_WARN_BLOCK_CAPTURE_AUTORELEASING = YES;
				CLANG_WARN_BOOL_CONVERSION = YES;
				CLANG_WARN_COMMA = YES;
				CLANG_WARN_CONSTANT_CONVERSION = YES;
				CLANG_WARN_DEPRECATED_OBJC_IMPLEMENTATIONS = YES;
				CLANG_WARN_DIRECT_OBJC_ISA_USAGE = YES_ERROR;
				CLANG_WARN_DOCUMENTATION_COMMENTS = YES;
				CLANG_WARN_EMPTY_BODY = YES;
				CLANG_WARN_ENUM_CONVERSION = YES;
				CLANG_WARN_INFINITE_RECURSION = YES;
				CLANG_WARN_INT_CONVERSION = YES;
				CLANG_WARN_NON_LITERAL_NULL_CONVERSION = YES;
				CLANG_WARN_OBJC_IMPLICIT_RETAIN_SELF = YES;
				CLANG_WARN_OBJC_LITERAL_CONVERSION = YES;
				CLANG_WARN_OBJC_ROOT_CLASS = YES_ERROR;
				CLANG_WARN_QUOTED_INCLUDE_IN_FRAMEWORK_HEADER = YES;
				CLANG_WARN_RANGE_LOOP_ANALYSIS = YES;
				CLANG_WARN_STRICT_PROTOTYPES = YES;
				CLANG_WARN_SUSPICIOUS_MOVE = YES;
				CLANG_WARN_UNGUARDED_AVAILABILITY = YES_AGGRESSIVE;
				CLANG_WARN_UNREACHABLE_CODE = YES;
				CLANG_WARN__DUPLICATE_METHOD_MATCH = YES;
				COPY_PHASE_STRIP = NO;
				DEBUG_INFORMATION_FORMAT = "dwarf-with-dsym";
				ENABLE_NS_ASSERTIONS = NO;
				ENABLE_STRICT_OBJC_MSGSEND = YES;
				GCC_C_LANGUAGE_STANDARD = gnu11;
				GCC_NO_COMMON_BLOCKS = YES;
				GCC_WARN_64_TO_32_BIT_CONVERSION = YES;
				GCC_WARN_ABOUT_RETURN_TYPE = YES_ERROR;
				GCC_WARN_UNDECLARED_SELECTOR = YES;
				GCC_WARN_UNINITIALIZED_AUTOS = YES_AGGRESSIVE;
				GCC_WARN_UNUSED_FUNCTION = YES;
				GCC_WARN_UNUSED_VARIABLE = YES;
				IPHONEOS_DEPLOYMENT_TARGET = 15.5;
				MTL_ENABLE_DEBUG_INFO = NO;
				MTL_FAST_MATH = YES;
				SDKROOT = iphoneos;
				SWIFT_COMPILATION_MODE = wholemodule;
				SWIFT_OPTIMIZATION_LEVEL = "-O";
				VALIDATE_PRODUCT = YES;
			};
			name = Release;
		};
		048EC2E72B23C36B00709E05 /* Debug */ = {
			isa = XCBuildConfiguration;
			buildSettings = {
				ASSETCATALOG_COMPILER_APPICON_NAME = AppIcon;
				ASSETCATALOG_COMPILER_GLOBAL_ACCENT_COLOR_NAME = AccentColor;
				CODE_SIGN_STYLE = Automatic;
				CURRENT_PROJECT_VERSION = 1;
				DEVELOPMENT_ASSET_PATHS = "\"BhagavadGita/Preview Content\"";
				DEVELOPMENT_TEAM = 72CXPGDGFQ;
				ENABLE_PREVIEWS = YES;
				GENERATE_INFOPLIST_FILE = YES;
				INFOPLIST_KEY_UIApplicationSceneManifest_Generation = YES;
				INFOPLIST_KEY_UIApplicationSupportsIndirectInputEvents = YES;
				INFOPLIST_KEY_UILaunchScreen_Generation = YES;
				INFOPLIST_KEY_UISupportedInterfaceOrientations_iPad = "UIInterfaceOrientationPortrait UIInterfaceOrientationPortraitUpsideDown UIInterfaceOrientationLandscapeLeft UIInterfaceOrientationLandscapeRight";
				INFOPLIST_KEY_UISupportedInterfaceOrientations_iPhone = "UIInterfaceOrientationPortrait UIInterfaceOrientationLandscapeLeft UIInterfaceOrientationLandscapeRight";
				LD_RUNPATH_SEARCH_PATHS = (
					"$(inherited)",
					"@executable_path/Frameworks",
				);
				MARKETING_VERSION = 1.0;
				PRODUCT_BUNDLE_IDENTIFIER = com.BhagavadGita;
				PRODUCT_NAME = "$(TARGET_NAME)";
				SWIFT_EMIT_LOC_STRINGS = YES;
				SWIFT_VERSION = 5.0;
				TARGETED_DEVICE_FAMILY = "1,2";
			};
			name = Debug;
		};
		048EC2E82B23C36B00709E05 /* Release */ = {
			isa = XCBuildConfiguration;
			buildSettings = {
				ASSETCATALOG_COMPILER_APPICON_NAME = AppIcon;
				ASSETCATALOG_COMPILER_GLOBAL_ACCENT_COLOR_NAME = AccentColor;
				CODE_SIGN_STYLE = Automatic;
				CURRENT_PROJECT_VERSION = 1;
				DEVELOPMENT_ASSET_PATHS = "\"BhagavadGita/Preview Content\"";
				DEVELOPMENT_TEAM = 72CXPGDGFQ;
				ENABLE_PREVIEWS = YES;
				GENERATE_INFOPLIST_FILE = YES;
				INFOPLIST_KEY_UIApplicationSceneManifest_Generation = YES;
				INFOPLIST_KEY_UIApplicationSupportsIndirectInputEvents = YES;
				INFOPLIST_KEY_UILaunchScreen_Generation = YES;
				INFOPLIST_KEY_UISupportedInterfaceOrientations_iPad = "UIInterfaceOrientationPortrait UIInterfaceOrientationPortraitUpsideDown UIInterfaceOrientationLandscapeLeft UIInterfaceOrientationLandscapeRight";
				INFOPLIST_KEY_UISupportedInterfaceOrientations_iPhone = "UIInterfaceOrientationPortrait UIInterfaceOrientationLandscapeLeft UIInterfaceOrientationLandscapeRight";
				LD_RUNPATH_SEARCH_PATHS = (
					"$(inherited)",
					"@executable_path/Frameworks",
				);
				MARKETING_VERSION = 1.0;
				PRODUCT_BUNDLE_IDENTIFIER = com.BhagavadGita;
				PRODUCT_NAME = "$(TARGET_NAME)";
				SWIFT_EMIT_LOC_STRINGS = YES;
				SWIFT_VERSION = 5.0;
				TARGETED_DEVICE_FAMILY = "1,2";
			};
			name = Release;
		};
		048EC2EA2B23C36B00709E05 /* Debug */ = {
			isa = XCBuildConfiguration;
			buildSettings = {
				ALWAYS_EMBED_SWIFT_STANDARD_LIBRARIES = YES;
				BUNDLE_LOADER = "$(TEST_HOST)";
				CODE_SIGN_STYLE = Automatic;
				CURRENT_PROJECT_VERSION = 1;
				DEVELOPMENT_TEAM = 72CXPGDGFQ;
				GENERATE_INFOPLIST_FILE = YES;
				IPHONEOS_DEPLOYMENT_TARGET = 15.5;
				MARKETING_VERSION = 1.0;
				PRODUCT_BUNDLE_IDENTIFIER = com.BhagavadGitaTests;
				PRODUCT_NAME = "$(TARGET_NAME)";
				SWIFT_EMIT_LOC_STRINGS = NO;
				SWIFT_VERSION = 5.0;
				TARGETED_DEVICE_FAMILY = "1,2";
				TEST_HOST = "$(BUILT_PRODUCTS_DIR)/BhagavadGita.app/BhagavadGita";
			};
			name = Debug;
		};
		048EC2EB2B23C36B00709E05 /* Release */ = {
			isa = XCBuildConfiguration;
			buildSettings = {
				ALWAYS_EMBED_SWIFT_STANDARD_LIBRARIES = YES;
				BUNDLE_LOADER = "$(TEST_HOST)";
				CODE_SIGN_STYLE = Automatic;
				CURRENT_PROJECT_VERSION = 1;
				DEVELOPMENT_TEAM = 72CXPGDGFQ;
				GENERATE_INFOPLIST_FILE = YES;
				IPHONEOS_DEPLOYMENT_TARGET = 15.5;
				MARKETING_VERSION = 1.0;
				PRODUCT_BUNDLE_IDENTIFIER = com.BhagavadGitaTests;
				PRODUCT_NAME = "$(TARGET_NAME)";
				SWIFT_EMIT_LOC_STRINGS = NO;
				SWIFT_VERSION = 5.0;
				TARGETED_DEVICE_FAMILY = "1,2";
				TEST_HOST = "$(BUILT_PRODUCTS_DIR)/BhagavadGita.app/BhagavadGita";
			};
			name = Release;
		};
		048EC2ED2B23C36B00709E05 /* Debug */ = {
			isa = XCBuildConfiguration;
			buildSettings = {
				ALWAYS_EMBED_SWIFT_STANDARD_LIBRARIES = YES;
				CODE_SIGN_STYLE = Automatic;
				CURRENT_PROJECT_VERSION = 1;
				DEVELOPMENT_TEAM = 72CXPGDGFQ;
				GENERATE_INFOPLIST_FILE = YES;
				MARKETING_VERSION = 1.0;
				PRODUCT_BUNDLE_IDENTIFIER = com.BhagavadGitaUITests;
				PRODUCT_NAME = "$(TARGET_NAME)";
				SWIFT_EMIT_LOC_STRINGS = NO;
				SWIFT_VERSION = 5.0;
				TARGETED_DEVICE_FAMILY = "1,2";
				TEST_TARGET_NAME = BhagavadGita;
			};
			name = Debug;
		};
		048EC2EE2B23C36B00709E05 /* Release */ = {
			isa = XCBuildConfiguration;
			buildSettings = {
				ALWAYS_EMBED_SWIFT_STANDARD_LIBRARIES = YES;
				CODE_SIGN_STYLE = Automatic;
				CURRENT_PROJECT_VERSION = 1;
				DEVELOPMENT_TEAM = 72CXPGDGFQ;
				GENERATE_INFOPLIST_FILE = YES;
				MARKETING_VERSION = 1.0;
				PRODUCT_BUNDLE_IDENTIFIER = com.BhagavadGitaUITests;
				PRODUCT_NAME = "$(TARGET_NAME)";
				SWIFT_EMIT_LOC_STRINGS = NO;
				SWIFT_VERSION = 5.0;
				TARGETED_DEVICE_FAMILY = "1,2";
				TEST_TARGET_NAME = BhagavadGita;
			};
			name = Release;
		};
/* End XCBuildConfiguration section */

/* Begin XCConfigurationList section */
		048EC2B82B23C36900709E05 /* Build configuration list for PBXProject "BhagavadGita" */ = {
			isa = XCConfigurationList;
			buildConfigurations = (
				048EC2E42B23C36B00709E05 /* Debug */,
				048EC2E52B23C36B00709E05 /* Release */,
			);
			defaultConfigurationIsVisible = 0;
			defaultConfigurationName = Release;
		};
		048EC2E62B23C36B00709E05 /* Build configuration list for PBXNativeTarget "BhagavadGita" */ = {
			isa = XCConfigurationList;
			buildConfigurations = (
				048EC2E72B23C36B00709E05 /* Debug */,
				048EC2E82B23C36B00709E05 /* Release */,
			);
			defaultConfigurationIsVisible = 0;
			defaultConfigurationName = Release;
		};
		048EC2E92B23C36B00709E05 /* Build configuration list for PBXNativeTarget "BhagavadGitaTests" */ = {
			isa = XCConfigurationList;
			buildConfigurations = (
				048EC2EA2B23C36B00709E05 /* Debug */,
				048EC2EB2B23C36B00709E05 /* Release */,
			);
			defaultConfigurationIsVisible = 0;
			defaultConfigurationName = Release;
		};
		048EC2EC2B23C36B00709E05 /* Build configuration list for PBXNativeTarget "BhagavadGitaUITests" */ = {
			isa = XCConfigurationList;
			buildConfigurations = (
				048EC2ED2B23C36B00709E05 /* Debug */,
				048EC2EE2B23C36B00709E05 /* Release */,
			);
			defaultConfigurationIsVisible = 0;
			defaultConfigurationName = Release;
		};
/* End XCConfigurationList section */

/* Begin XCRemoteSwiftPackageReference section */
		048EC2EF2B27526F00709E05 /* XCRemoteSwiftPackageReference "BgUtility" */ = {
			isa = XCRemoteSwiftPackageReference;
			repositoryURL = "https://github.com/rayapudicb/BgUtility.git";
			requirement = {
				kind = upToNextMajorVersion;
				minimumVersion = 1.0.0;
			};
		};
/* End XCRemoteSwiftPackageReference section */

/* Begin XCSwiftPackageProductDependency section */
		048EC2F02B27526F00709E05 /* BgUtility */ = {
			isa = XCSwiftPackageProductDependency;
			package = 048EC2EF2B27526F00709E05 /* XCRemoteSwiftPackageReference "BgUtility" */;
			productName = BgUtility;
		};
/* End XCSwiftPackageProductDependency section */

/* Begin XCVersionGroup section */
		048EC2CB2B23C36B00709E05 /* BhagavadGita.xcdatamodeld */ = {
			isa = XCVersionGroup;
			children = (
				048EC2CC2B23C36B00709E05 /* BhagavadGita.xcdatamodel */,
			);
			currentVersion = 048EC2CC2B23C36B00709E05 /* BhagavadGita.xcdatamodel */;
			path = BhagavadGita.xcdatamodeld;
			sourceTree = "<group>";
			versionGroupType = wrapper.xcdatamodel;
		};
/* End XCVersionGroup section */
	};
	rootObject = 048EC2B52B23C36900709E05 /* Project object */;
}
